
Microsoft Visual Studio Solution File, Format Version 12.00
# Visual Studio Version 16
VisualStudioVersion = 16.0.29009.5
MinimumVisualStudioVersion = 10.0.40219.1
Project("{9A19103F-16F7-4668-BE54-9A1E7A4F7556}") = "VendaApi", "VendaApi\VendaApi.csproj", "{7E389634-9B6C-403C-9DD7-D1198C7C39A8}"
EndProject
Project("{FAE04EC0-301F-11D3-BF4B-00C04F79EFBC}") = "Core", "Core\Core.csproj", "{82AFFFCF-2198-429F-ACF1-25A4DC45580F}"
EndProject
Project("{FAE04EC0-301F-11D3-BF4B-00C04F79EFBC}") = "Model", "Model\Model.csproj", "{C95497E4-2B8F-4284-AF03-3B991588837E}"
EndProject
Global
	GlobalSection(SolutionConfigurationPlatforms) = preSolution
		Debug|Any CPU = Debug|Any CPU
		Release|Any CPU = Release|Any CPU
	EndGlobalSection
	GlobalSection(ProjectConfigurationPlatforms) = postSolution
		{7E389634-9B6C-403C-9DD7-D1198C7C39A8}.Debug|Any CPU.ActiveCfg = Debug|Any CPU
		{7E389634-9B6C-403C-9DD7-D1198C7C39A8}.Debug|Any CPU.Build.0 = Debug|Any CPU
		{7E389634-9B6C-403C-9DD7-D1198C7C39A8}.Release|Any CPU.ActiveCfg = Release|Any CPU
		{7E389634-9B6C-403C-9DD7-D1198C7C39A8}.Release|Any CPU.Build.0 = Release|Any CPU
		{82AFFFCF-2198-429F-ACF1-25A4DC45580F}.Debug|Any CPU.ActiveCfg = Debug|Any CPU
		{82AFFFCF-2198-429F-ACF1-25A4DC45580F}.Debug|Any CPU.Build.0 = Debug|Any CPU
		{82AFFFCF-2198-429F-ACF1-25A4DC45580F}.Release|Any CPU.ActiveCfg = Release|Any CPU
		{82AFFFCF-2198-429F-ACF1-25A4DC45580F}.Release|Any CPU.Build.0 = Release|Any CPU
		{C95497E4-2B8F-4284-AF03-3B991588837E}.Debug|Any CPU.ActiveCfg = Debug|Any CPU
		{C95497E4-2B8F-4284-AF03-3B991588837E}.Debug|Any CPU.Build.0 = Debug|Any CPU
		{C95497E4-2B8F-4284-AF03-3B991588837E}.Release|Any CPU.ActiveCfg = Release|Any CPU
		{C95497E4-2B8F-4284-AF03-3B991588837E}.Release|Any CPU.Build.0 = Release|Any CPU
	EndGlobalSection
	GlobalSection(SolutionProperties) = preSolution
		HideSolutionNode = FALSE
	EndGlobalSection
	GlobalSection(ExtensibilityGlobals) = postSolution
		SolutionGuid = {217B7254-16DF-48E9-8F50-22653BB7792D}
	EndGlobalSection
EndGlobal
